// !$*UTF8*$!
{
	archiveVersion = 1;
	classes = {
	};
	objectVersion = 48;
	objects = {

/* Begin PBXBuildFile section */
		652536BE1F4B294D0045CCDD /* AppDelegate.swift in Sources */ = {isa = PBXBuildFile; fileRef = 652536BD1F4B294D0045CCDD /* AppDelegate.swift */; };
		652536C01F4B294D0045CCDD /* ViewController.swift in Sources */ = {isa = PBXBuildFile; fileRef = 652536BF1F4B294D0045CCDD /* ViewController.swift */; };
		652536C31F4B294D0045CCDD /* Main.storyboard in Resources */ = {isa = PBXBuildFile; fileRef = 652536C11F4B294D0045CCDD /* Main.storyboard */; };
		652536C51F4B294D0045CCDD /* Assets.xcassets in Resources */ = {isa = PBXBuildFile; fileRef = 652536C41F4B294D0045CCDD /* Assets.xcassets */; };
		652536C81F4B294D0045CCDD /* LaunchScreen.storyboard in Resources */ = {isa = PBXBuildFile; fileRef = 652536C61F4B294D0045CCDD /* LaunchScreen.storyboard */; };
		87BB5B699061F4886F6A511B /* Pods_Stackview.framework in Frameworks */ = {isa = PBXBuildFile; fileRef = B53021E8A6FEB7151706AE44 /* Pods_Stackview.framework */; };
/* End PBXBuildFile section */

/* Begin PBXFileReference section */
		652536BA1F4B294D0045CCDD /* Stackview.app */ = {isa = PBXFileReference; explicitFileType = wrapper.application; includeInIndex = 0; path = Stackview.app; sourceTree = BUILT_PRODUCTS_DIR; };
		652536BD1F4B294D0045CCDD /* AppDelegate.swift */ = {isa = PBXFileReference; lastKnownFileType = sourcecode.swift; path = AppDelegate.swift; sourceTree = "<group>"; };
		652536BF1F4B294D0045CCDD /* ViewController.swift */ = {isa = PBXFileReference; lastKnownFileType = sourcecode.swift; path = ViewController.swift; sourceTree = "<group>"; };
		652536C21F4B294D0045CCDD /* Base */ = {isa = PBXFileReference; lastKnownFileType = file.storyboard; name = Base; path = Base.lproj/Main.storyboard; sourceTree = "<group>"; };
		652536C41F4B294D0045CCDD /* Assets.xcassets */ = {isa = PBXFileReference; lastKnownFileType = folder.assetcatalog; path = Assets.xcassets; sourceTree = "<group>"; };
		652536C71F4B294D0045CCDD /* Base */ = {isa = PBXFileReference; lastKnownFileType = file.storyboard; name = Base; path = Base.lproj/LaunchScreen.storyboard; sourceTree = "<group>"; };
		652536C91F4B294D0045CCDD /* Info.plist */ = {isa = PBXFileReference; lastKnownFileType = text.plist.xml; path = Info.plist; sourceTree = "<group>"; };
		96FECE2237A99339EECFED92 /* Pods-Stackview.release.xcconfig */ = {isa = PBXFileReference; includeInIndex = 1; lastKnownFileType = text.xcconfig; name = "Pods-Stackview.release.xcconfig"; path = "Pods/Target Support Files/Pods-Stackview/Pods-Stackview.release.xcconfig"; sourceTree = "<group>"; };
		B53021E8A6FEB7151706AE44 /* Pods_Stackview.framework */ = {isa = PBXFileReference; explicitFileType = wrapper.framework; includeInIndex = 0; path = Pods_Stackview.framework; sourceTree = BUILT_PRODUCTS_DIR; };
		F3EBF9BD1856CE48249E26F6 /* Pods-Stackview.debug.xcconfig */ = {isa = PBXFileReference; includeInIndex = 1; lastKnownFileType = text.xcconfig; name = "Pods-Stackview.debug.xcconfig"; path = "Pods/Target Support Files/Pods-Stackview/Pods-Stackview.debug.xcconfig"; sourceTree = "<group>"; };
/* End PBXFileReference section */

/* Begin PBXFrameworksBuildPhase section */
		652536B71F4B294D0045CCDD /* Frameworks */ = {
			isa = PBXFrameworksBuildPhase;
			buildActionMask = 2147483647;
			files = (
				87BB5B699061F4886F6A511B /* Pods_Stackview.framework in Frameworks */,
			);
			runOnlyForDeploymentPostprocessing = 0;
		};
/* End PBXFrameworksBuildPhase section */

/* Begin PBXGroup section */
		59F41704B5289ED4FE8BBE8E /* Pods */ = {
			isa = PBXGroup;
			children = (
				F3EBF9BD1856CE48249E26F6 /* Pods-Stackview.debug.xcconfig */,
				96FECE2237A99339EECFED92 /* Pods-Stackview.release.xcconfig */,
			);
			name = Pods;
			sourceTree = "<group>";
		};
		652536B11F4B294D0045CCDD = {
			isa = PBXGroup;
			children = (
				652536BC1F4B294D0045CCDD /* Stackview */,
				652536BB1F4B294D0045CCDD /* Products */,
				59F41704B5289ED4FE8BBE8E /* Pods */,
				EB9A71BE8138BE7565D5A1AB /* Frameworks */,
			);
			sourceTree = "<group>";
		};
		652536BB1F4B294D0045CCDD /* Products */ = {
			isa = PBXGroup;
			children = (
				652536BA1F4B294D0045CCDD /* Stackview.app */,
			);
			name = Products;
			sourceTree = "<group>";
		};
		652536BC1F4B294D0045CCDD /* Stackview */ = {
			isa = PBXGroup;
			children = (
				652536BD1F4B294D0045CCDD /* AppDelegate.swift */,
				652536BF1F4B294D0045CCDD /* ViewController.swift */,
				652536C11F4B294D0045CCDD /* Main.storyboard */,
				652536C41F4B294D0045CCDD /* Assets.xcassets */,
				652536C61F4B294D0045CCDD /* LaunchScreen.storyboard */,
				652536C91F4B294D0045CCDD /* Info.plist */,
			);
			path = Stackview;
			sourceTree = "<group>";
		};
		EB9A71BE8138BE7565D5A1AB /* Frameworks */ = {
			isa = PBXGroup;
			children = (
				B53021E8A6FEB7151706AE44 /* Pods_Stackview.framework */,
			);
			name = Frameworks;
			sourceTree = "<group>";
		};
/* End PBXGroup section */

/* Begin PBXNativeTarget section */
		652536B91F4B294D0045CCDD /* Stackview */ = {
			isa = PBXNativeTarget;
			buildConfigurationList = 652536CC1F4B294D0045CCDD /* Build configuration list for PBXNativeTarget "Stackview" */;
			buildPhases = (
				9CDCBF1C5FD59B92447815DF /* [CP] Check Pods Manifest.lock */,
				652536B61F4B294D0045CCDD /* Sources */,
				652536B71F4B294D0045CCDD /* Frameworks */,
				652536B81F4B294D0045CCDD /* Resources */,
				EA72B0D28DDB41355F792D0D /* [CP] Embed Pods Frameworks */,
				A2D3704EE52AF1643433DF4B /* [CP] Copy Pods Resources */,
			);
			buildRules = (
			);
			dependencies = (
			);
			name = Stackview;
			productName = Stackview;
			productReference = 652536BA1F4B294D0045CCDD /* Stackview.app */;
			productType = "com.apple.product-type.application";
		};
/* End PBXNativeTarget section */

/* Begin PBXProject section */
		652536B21F4B294D0045CCDD /* Project object */ = {
			isa = PBXProject;
			attributes = {
				LastSwiftUpdateCheck = 0900;
				LastUpgradeCheck = 0900;
				ORGANIZATIONNAME = "Sergiy Momot";
				TargetAttributes = {
					652536B91F4B294D0045CCDD = {
						CreatedOnToolsVersion = 9.0;
						ProvisioningStyle = Manual;
					};
				};
			};
			buildConfigurationList = 652536B51F4B294D0045CCDD /* Build configuration list for PBXProject "Stackview" */;
			compatibilityVersion = "Xcode 8.0";
			developmentRegion = en;
			hasScannedForEncodings = 0;
			knownRegions = (
				en,
				Base,
			);
			mainGroup = 652536B11F4B294D0045CCDD;
			productRefGroup = 652536BB1F4B294D0045CCDD /* Products */;
			projectDirPath = "";
			projectRoot = "";
			targets = (
				652536B91F4B294D0045CCDD /* Stackview */,
			);
		};
/* End PBXProject section */

/* Begin PBXResourcesBuildPhase section */
		652536B81F4B294D0045CCDD /* Resources */ = {
			isa = PBXResourcesBuildPhase;
			buildActionMask = 2147483647;
			files = (
				652536C81F4B294D0045CCDD /* LaunchScreen.storyboard in Resources */,
				652536C51F4B294D0045CCDD /* Assets.xcassets in Resources */,
				652536C31F4B294D0045CCDD /* Main.storyboard in Resources */,
			);
			runOnlyForDeploymentPostprocessing = 0;
		};
/* End PBXResourcesBuildPhase section */

/* Begin PBXShellScriptBuildPhase section */
		9CDCBF1C5FD59B92447815DF /* [CP] Check Pods Manifest.lock */ = {
			isa = PBXShellScriptBuildPhase;
			buildActionMask = 2147483647;
			files = (
			);
			inputPaths = (
				"${PODS_PODFILE_DIR_PATH}/Podfile.lock",
				"${PODS_ROOT}/Manifest.lock",
			);
			name = "[CP] Check Pods Manifest.lock";
			outputPaths = (
				"$(DERIVED_FILE_DIR)/Pods-Stackview-checkManifestLockResult.txt",
			);
			runOnlyForDeploymentPostprocessing = 0;
			shellPath = /bin/sh;
			shellScript = "diff \"${PODS_PODFILE_DIR_PATH}/Podfile.lock\" \"${PODS_ROOT}/Manifest.lock\" > /dev/null\nif [ $? != 0 ] ; then\n    # print error to STDERR\n    echo \"error: The sandbox is not in sync with the Podfile.lock. Run 'pod install' or update your CocoaPods installation.\" >&2\n    exit 1\nfi\n# This output is used by Xcode 'outputs' to avoid re-running this script phase.\necho \"SUCCESS\" > \"${SCRIPT_OUTPUT_FILE_0}\"\n";
			showEnvVarsInLog = 0;
		};
		A2D3704EE52AF1643433DF4B /* [CP] Copy Pods Resources */ = {
			isa = PBXShellScriptBuildPhase;
			buildActionMask = 2147483647;
			files = (
			);
			inputPaths = (
			);
			name = "[CP] Copy Pods Resources";
			outputPaths = (
			);
			runOnlyForDeploymentPostprocessing = 0;
			shellPath = /bin/sh;
			shellScript = "\"${SRCROOT}/Pods/Target Support Files/Pods-Stackview/Pods-Stackview-resources.sh\"\n";
			showEnvVarsInLog = 0;
		};
		EA72B0D28DDB41355F792D0D /* [CP] Embed Pods Frameworks */ = {
			isa = PBXShellScriptBuildPhase;
			buildActionMask = 2147483647;
			files = (
			);
			inputPaths = (
				"${SRCROOT}/Pods/Target Support Files/Pods-Stackview/Pods-Stackview-frameworks.sh",
				"${BUILT_PRODUCTS_DIR}/Alamofire/Alamofire.framework",
				"${BUILT_PRODUCTS_DIR}/InteractiveSideMenu/InteractiveSideMenu.framework",
				"${BUILT_PRODUCTS_DIR}/StatefulViewController/StatefulViewController.framework",
				"${BUILT_PRODUCTS_DIR}/SwiftyJSON/SwiftyJSON.framework",
			);
			name = "[CP] Embed Pods Frameworks";
			outputPaths = (
				"${TARGET_BUILD_DIR}/${FRAMEWORKS_FOLDER_PATH}/Alamofire.framework",
				"${TARGET_BUILD_DIR}/${FRAMEWORKS_FOLDER_PATH}/InteractiveSideMenu.framework",
				"${TARGET_BUILD_DIR}/${FRAMEWORKS_FOLDER_PATH}/StatefulViewController.framework",
				"${TARGET_BUILD_DIR}/${FRAMEWORKS_FOLDER_PATH}/SwiftyJSON.framework",
			);
			runOnlyForDeploymentPostprocessing = 0;
			shellPath = /bin/sh;
			shellScript = "\"${SRCROOT}/Pods/Target Support Files/Pods-Stackview/Pods-Stackview-frameworks.sh\"\n";
			showEnvVarsInLog = 0;
		};
/* End PBXShellScriptBuildPhase section */

/* Begin PBXSourcesBuildPhase section */
		652536B61F4B294D0045CCDD /* Sources */ = {
			isa = PBXSourcesBuildPhase;
			buildActionMask = 2147483647;
			files = (
				652536C01F4B294D0045CCDD /* ViewController.swift in Sources */,
				652536BE1F4B294D0045CCDD /* AppDelegate.swift in Sources */,
			);
			runOnlyForDeploymentPostprocessing = 0;
		};
/* End PBXSourcesBuildPhase section */

/* Begin PBXVariantGroup section */
		652536C11F4B294D0045CCDD /* Main.storyboard */ = {
			isa = PBXVariantGroup;
			children = (
				652536C21F4B294D0045CCDD /* Base */,
			);
			name = Main.storyboard;
			sourceTree = "<group>";
		};
		652536C61F4B294D0045CCDD /* LaunchScreen.storyboard */ = {
			isa = PBXVariantGroup;
			children = (
				652536C71F4B294D0045CCDD /* Base */,
			);
			name = LaunchScreen.storyboard;
			sourceTree = "<group>";
		};
/* End PBXVariantGroup section */

/* Begin XCBuildConfiguration section */
		652536CA1F4B294D0045CCDD /* Debug */ = {
			isa = XCBuildConfiguration;
			buildSettings = {
				ALWAYS_SEARCH_USER_PATHS = NO;
				CLANG_ANALYZER_NONNULL = YES;
				CLANG_ANALYZER_NUMBER_OBJECT_CONVERSION = YES_AGGRESSIVE;
				CLANG_CXX_LANGUAGE_STANDARD = "gnu++14";
				CLANG_CXX_LIBRARY = "libc++";
				CLANG_ENABLE_MODULES = YES;
				CLANG_ENABLE_OBJC_ARC = YES;
				CLANG_WARN_BLOCK_CAPTURE_AUTORELEASING = YES;
				CLANG_WARN_BOOL_CONVERSION = YES;
				CLANG_WARN_COMMA = YES;
				CLANG_WARN_CONSTANT_CONVERSION = YES;
				CLANG_WARN_DIRECT_OBJC_ISA_USAGE = YES_ERROR;
				CLANG_WARN_DOCUMENTATION_COMMENTS = YES;
				CLANG_WARN_EMPTY_BODY = YES;
				CLANG_WARN_ENUM_CONVERSION = YES;
				CLANG_WARN_INFINITE_RECURSION = YES;
				CLANG_WARN_INT_CONVERSION = YES;
				CLANG_WARN_NON_LITERAL_NULL_CONVERSION = YES;
				CLANG_WARN_OBJC_LITERAL_CONVERSION = YES;
				CLANG_WARN_OBJC_ROOT_CLASS = YES_ERROR;
				CLANG_WARN_RANGE_LOOP_ANALYSIS = YES;
				CLANG_WARN_STRICT_PROTOTYPES = YES;
				CLANG_WARN_SUSPICIOUS_MOVE = YES;
				CLANG_WARN_UNGUARDED_AVAILABILITY = YES_AGGRESSIVE;
				CLANG_WARN_UNREACHABLE_CODE = YES;
				CLANG_WARN__DUPLICATE_METHOD_MATCH = YES;
				CODE_SIGN_IDENTITY = "iPhone Developer";
				COPY_PHASE_STRIP = NO;
				DEBUG_INFORMATION_FORMAT = dwarf;
				ENABLE_STRICT_OBJC_MSGSEND = YES;
				ENABLE_TESTABILITY = YES;
				GCC_C_LANGUAGE_STANDARD = gnu11;
				GCC_DYNAMIC_NO_PIC = NO;
				GCC_NO_COMMON_BLOCKS = YES;
				GCC_OPTIMIZATION_LEVEL = 0;
				GCC_PREPROCESSOR_DEFINITIONS = (
					"DEBUG=1",
					"$(inherited)",
				);
				GCC_WARN_64_TO_32_BIT_CONVERSION = YES;
				GCC_WARN_ABOUT_RETURN_TYPE = YES_ERROR;
				GCC_WARN_UNDECLARED_SELECTOR = YES;
				GCC_WARN_UNINITIALIZED_AUTOS = YES_AGGRESSIVE;
				GCC_WARN_UNUSED_FUNCTION = YES;
				GCC_WARN_UNUSED_VARIABLE = YES;
				IPHONEOS_DEPLOYMENT_TARGET = 11.0;
				MTL_ENABLE_DEBUG_INFO = YES;
				ONLY_ACTIVE_ARCH = YES;
				SDKROOT = iphoneos;
				SWIFT_ACTIVE_COMPILATION_CONDITIONS = DEBUG;
				SWIFT_OPTIMIZATION_LEVEL = "-Onone";
			};
			name = Debug;
		};
		652536CB1F4B294D0045CCDD /* Release */ = {
			isa = XCBuildConfiguration;
			buildSettings = {
				ALWAYS_SEARCH_USER_PATHS = NO;
				CLANG_ANALYZER_NONNULL = YES;
				CLANG_ANALYZER_NUMBER_OBJECT_CONVERSION = YES_AGGRESSIVE;
				CLANG_CXX_LANGUAGE_STANDARD = "gnu++14";
				CLANG_CXX_LIBRARY = "libc++";
				CLANG_ENABLE_MODULES = YES;
				CLANG_ENABLE_OBJC_ARC = YES;
				CLANG_WARN_BLOCK_CAPTURE_AUTORELEASING = YES;
				CLANG_WARN_BOOL_CONVERSION = YES;
				CLANG_WARN_COMMA = YES;
				CLANG_WARN_CONSTANT_CONVERSION = YES;
				CLANG_WARN_DIRECT_OBJC_ISA_USAGE = YES_ERROR;
				CLANG_WARN_DOCUMENTATION_COMMENTS = YES;
				CLANG_WARN_EMPTY_BODY = YES;
				CLANG_WARN_ENUM_CONVERSION = YES;
				CLANG_WARN_INFINITE_RECURSION = YES;
				CLANG_WARN_INT_CONVERSION = YES;
				CLANG_WARN_NON_LITERAL_NULL_CONVERSION = YES;
				CLANG_WARN_OBJC_LITERAL_CONVERSION = YES;
				CLANG_WARN_OBJC_ROOT_CLASS = YES_ERROR;
				CLANG_WARN_RANGE_LOOP_ANALYSIS = YES;
				CLANG_WARN_STRICT_PROTOTYPES = YES;
				CLANG_WARN_SUSPICIOUS_MOVE = YES;
				CLANG_WARN_UNGUARDED_AVAILABILITY = YES_AGGRESSIVE;
				CLANG_WARN_UNREACHABLE_CODE = YES;
				CLANG_WARN__DUPLICATE_METHOD_MATCH = YES;
				CODE_SIGN_IDENTITY = "iPhone Developer";
				COPY_PHASE_STRIP = NO;
				DEBUG_INFORMATION_FORMAT = "dwarf-with-dsym";
				ENABLE_NS_ASSERTIONS = NO;
				ENABLE_STRICT_OBJC_MSGSEND = YES;
				GCC_C_LANGUAGE_STANDARD = gnu11;
				GCC_NO_COMMON_BLOCKS = YES;
				GCC_WARN_64_TO_32_BIT_CONVERSION = YES;
				GCC_WARN_ABOUT_RETURN_TYPE = YES_ERROR;
				GCC_WARN_UNDECLARED_SELECTOR = YES;
				GCC_WARN_UNINITIALIZED_AUTOS = YES_AGGRESSIVE;
				GCC_WARN_UNUSED_FUNCTION = YES;
				GCC_WARN_UNUSED_VARIABLE = YES;
				IPHONEOS_DEPLOYMENT_TARGET = 11.0;
				MTL_ENABLE_DEBUG_INFO = NO;
				SDKROOT = iphoneos;
				SWIFT_OPTIMIZATION_LEVEL = "-Owholemodule";
				VALIDATE_PRODUCT = YES;
			};
			name = Release;
		};
		652536CD1F4B294D0045CCDD /* Debug */ = {
			isa = XCBuildConfiguration;
			baseConfigurationReference = F3EBF9BD1856CE48249E26F6 /* Pods-Stackview.debug.xcconfig */;
			buildSettings = {
				ASSETCATALOG_COMPILER_APPICON_NAME = AppIcon;
				CODE_SIGN_STYLE = Manual;
				DEVELOPMENT_TEAM = 6UKDQC3S2K;
				INFOPLIST_FILE = Stackview/Info.plist;
				IPHONEOS_DEPLOYMENT_TARGET = 10.0;
				LD_RUNPATH_SEARCH_PATHS = "$(inherited) @executable_path/Frameworks";
				PRODUCT_BUNDLE_IDENTIFIER = smomot.Stackview;
				PRODUCT_NAME = "$(TARGET_NAME)";
				PROVISIONING_PROFILE = "c9860ff8-aae9-4243-abb7-ac34af95a765";
				PROVISIONING_PROFILE_SPECIFIER = "Stackview Development";
				SWIFT_VERSION = 4.0;
				TARGETED_DEVICE_FAMILY = 1;
			};
			name = Debug;
		};
		652536CE1F4B294D0045CCDD /* Release */ = {
			isa = XCBuildConfiguration;
			baseConfigurationReference = 96FECE2237A99339EECFED92 /* Pods-Stackview.release.xcconfig */;
			buildSettings = {
				ASSETCATALOG_COMPILER_APPICON_NAME = AppIcon;
				"CODE_SIGN_IDENTITY[sdk=iphoneos*]" = "iPhone Distribution";
				CODE_SIGN_STYLE = Manual;
				DEVELOPMENT_TEAM = 6UKDQC3S2K;
				INFOPLIST_FILE = Stackview/Info.plist;
				IPHONEOS_DEPLOYMENT_TARGET = 10.0;
				LD_RUNPATH_SEARCH_PATHS = "$(inherited) @executable_path/Frameworks";
				PRODUCT_BUNDLE_IDENTIFIER = smomot.Stackview;
				PRODUCT_NAME = "$(TARGET_NAME)";
				PROVISIONING_PROFILE = "da219f31-22db-4b68-bd33-ab87393c4b0b";
				PROVISIONING_PROFILE_SPECIFIER = "Stackview Distribution";
				SWIFT_VERSION = 4.0;
				TARGETED_DEVICE_FAMILY = 1;
			};
			name = Release;
		};
/* End XCBuildConfiguration section */

/* Begin XCConfigurationList section */
		652536B51F4B294D0045CCDD /* Build configuration list for PBXProject "Stackview" */ = {
			isa = XCConfigurationList;
			buildConfigurations = (
				652536CA1F4B294D0045CCDD /* Debug */,
				652536CB1F4B294D0045CCDD /* Release */,
			);
			defaultConfigurationIsVisible = 0;
			defaultConfigurationName = Release;
		};
		652536CC1F4B294D0045CCDD /* Build configuration list for PBXNativeTarget "Stackview" */ = {
			isa = XCConfigurationList;
			buildConfigurations = (
				652536CD1F4B294D0045CCDD /* Debug */,
				652536CE1F4B294D0045CCDD /* Release */,
			);
			defaultConfigurationIsVisible = 0;
			defaultConfigurationName = Release;
		};
/* End XCConfigurationList section */
	};
	rootObject = 652536B21F4B294D0045CCDD /* Project object */;
}
